
Microsoft Visual Studio Solution File, Format Version 12.00
# Visual Studio Version 16
VisualStudioVersion = 16.0.29609.76
MinimumVisualStudioVersion = 10.0.40219.1
Project("{9092AA53-FB77-4645-B42D-1CCCA6BD08BD}") = "BestContosoRetailers", "BestContosoRetailers\BestContosoRetailers.njsproj", "{4CE1E63D-06B2-4BCE-9E23-0E32008B16AA}"
EndProject
Global
	GlobalSection(SolutionConfigurationPlatforms) = preSolution
		Debug|Any CPU = Debug|Any CPU
		Release|Any CPU = Release|Any CPU
	EndGlobalSection
	GlobalSection(ProjectConfigurationPlatforms) = postSolution
		{4CE1E63D-06B2-4BCE-9E23-0E32008B16AA}.Debug|Any CPU.ActiveCfg = Debug|Any CPU
		{4CE1E63D-06B2-4BCE-9E23-0E32008B16AA}.Debug|Any CPU.Build.0 = Debug|Any CPU
		{4CE1E63D-06B2-4BCE-9E23-0E32008B16AA}.Release|Any CPU.ActiveCfg = Release|Any CPU
		{4CE1E63D-06B2-4BCE-9E23-0E32008B16AA}.Release|Any CPU.Build.0 = Release|Any CPU
	EndGlobalSection
	GlobalSection(SolutionProperties) = preSolution
		HideSolutionNode = FALSE
	EndGlobalSection
	GlobalSection(ExtensibilityGlobals) = postSolution
		SolutionGuid = {C867AA1C-F671-40B3-8FE0-78AEACD0B5D1}
	EndGlobalSection
EndGlobal
